Microsoft Visual Studio Solution File, Format Version 11.00
# Visual Studio 2008

Project("{DF408CDF-92C1-1DB3-1CD3-A130AF4C192E}") = "Swords-and-Strongholds", "Assembly-CSharp.csproj", "{1D1656A1-CD84-8569-EEC7-6E66AD98C6A6}"
EndProject
Global
	GlobalSection(SolutionConfigurationPlatforms) = preSolution
		Debug|Any CPU = Debug|Any CPU
		Release|Any CPU = Release|Any CPU
	EndGlobalSection
	GlobalSection(ProjectConfigurationPlatforms) = postSolution
		{1D1656A1-CD84-8569-EEC7-6E66AD98C6A6}.Debug|Any CPU.ActiveCfg = Debug|Any CPU
		{1D1656A1-CD84-8569-EEC7-6E66AD98C6A6}.Debug|Any CPU.Build.0 = Debug|Any CPU
		{1D1656A1-CD84-8569-EEC7-6E66AD98C6A6}.Release|Any CPU.ActiveCfg = Release|Any CPU
		{1D1656A1-CD84-8569-EEC7-6E66AD98C6A6}.Release|Any CPU.Build.0 = Release|Any CPU
	EndGlobalSection
	GlobalSection(SolutionProperties) = preSolution
		HideSolutionNode = FALSE
	EndGlobalSection
	GlobalSection(MonoDevelopProperties) = preSolution
		StartupItem = Assembly-CSharp.csproj
	EndGlobalSection
EndGlobal
