Microsoft Visual Studio Solution File, Format Version 11.00
# Visual Studio 2008

Project("{B39AE14A-698F-E994-0286-D7F440A6628A}") = "Swords and Strongholds", "Assembly-CSharp.csproj", "{3617274D-EC02-1190-701F-7F4BC86B536E}"
EndProject
Global
	GlobalSection(SolutionConfigurationPlatforms) = preSolution
		Debug|Any CPU = Debug|Any CPU
		Release|Any CPU = Release|Any CPU
	EndGlobalSection
	GlobalSection(ProjectConfigurationPlatforms) = postSolution
		{3617274D-EC02-1190-701F-7F4BC86B536E}.Debug|Any CPU.ActiveCfg = Debug|Any CPU
		{3617274D-EC02-1190-701F-7F4BC86B536E}.Debug|Any CPU.Build.0 = Debug|Any CPU
		{3617274D-EC02-1190-701F-7F4BC86B536E}.Release|Any CPU.ActiveCfg = Release|Any CPU
		{3617274D-EC02-1190-701F-7F4BC86B536E}.Release|Any CPU.Build.0 = Release|Any CPU
	EndGlobalSection
	GlobalSection(SolutionProperties) = preSolution
		HideSolutionNode = FALSE
	EndGlobalSection
	GlobalSection(MonoDevelopProperties) = preSolution
		StartupItem = Assembly-CSharp.csproj
	EndGlobalSection
EndGlobal
